// !$*UTF8*$!
{
	archiveVersion = 1;
	classes = {
	};
	objectVersion = 55;
	objects = {

/* Begin PBXBuildFile section */
		09046A722905C0E9009765D4 /* Questions.swift in Sources */ = {isa = PBXBuildFile; fileRef = 09046A712905C0E9009765D4 /* Questions.swift */; };
		09046A742905C183009765D4 /* OnBoardingViewModel.swift in Sources */ = {isa = PBXBuildFile; fileRef = 09046A732905C183009765D4 /* OnBoardingViewModel.swift */; };
		09046A782905C429009765D4 /* NetworkManager.swift in Sources */ = {isa = PBXBuildFile; fileRef = 09046A772905C429009765D4 /* NetworkManager.swift */; };
		09046A7A2905C647009765D4 /* QuestionService.swift in Sources */ = {isa = PBXBuildFile; fileRef = 09046A792905C647009765D4 /* QuestionService.swift */; };
		09046A7C2905C700009765D4 /* APIUrls.swift in Sources */ = {isa = PBXBuildFile; fileRef = 09046A7B2905C700009765D4 /* APIUrls.swift */; };
		09D38733290720520028D08C /* QuestionScreenViewController.swift in Sources */ = {isa = PBXBuildFile; fileRef = 09D38732290720520028D08C /* QuestionScreenViewController.swift */; };
		09D38735290721610028D08C /* QuestionViewModel.swift in Sources */ = {isa = PBXBuildFile; fileRef = 09D38734290721610028D08C /* QuestionViewModel.swift */; };
		09DA465529044EC1008EA2D0 /* UIView+Ext.swift in Sources */ = {isa = PBXBuildFile; fileRef = 09DA465429044EC1008EA2D0 /* UIView+Ext.swift */; };
		09DA465729044F7F008EA2D0 /* OnBoardingSlide.swift in Sources */ = {isa = PBXBuildFile; fileRef = 09DA465629044F7F008EA2D0 /* OnBoardingSlide.swift */; };
		09DA4659290451F4008EA2D0 /* OnBoardingCell.swift in Sources */ = {isa = PBXBuildFile; fileRef = 09DA4658290451F4008EA2D0 /* OnBoardingCell.swift */; };
		09EE5962290326AC00790090 /* AppDelegate.swift in Sources */ = {isa = PBXBuildFile; fileRef = 09EE5961290326AC00790090 /* AppDelegate.swift */; };
		09EE5964290326AC00790090 /* SceneDelegate.swift in Sources */ = {isa = PBXBuildFile; fileRef = 09EE5963290326AC00790090 /* SceneDelegate.swift */; };
		09EE5966290326AC00790090 /* OnBoardingViewController.swift in Sources */ = {isa = PBXBuildFile; fileRef = 09EE5965290326AC00790090 /* OnBoardingViewController.swift */; };
		09EE5969290326AC00790090 /* Main.storyboard in Resources */ = {isa = PBXBuildFile; fileRef = 09EE5967290326AC00790090 /* Main.storyboard */; };
		09EE596B290326AD00790090 /* Assets.xcassets in Resources */ = {isa = PBXBuildFile; fileRef = 09EE596A290326AD00790090 /* Assets.xcassets */; };
		09EE596E290326AD00790090 /* LaunchScreen.storyboard in Resources */ = {isa = PBXBuildFile; fileRef = 09EE596C290326AD00790090 /* LaunchScreen.storyboard */; };
		09F44AE32909C4580017EEE9 /* TableView+Ext.swift in Sources */ = {isa = PBXBuildFile; fileRef = 09F44AE22909C4580017EEE9 /* TableView+Ext.swift */; };
/* End PBXBuildFile section */

/* Begin PBXFileReference section */
		09046A712905C0E9009765D4 /* Questions.swift */ = {isa = PBXFileReference; lastKnownFileType = sourcecode.swift; path = Questions.swift; sourceTree = "<group>"; };
		09046A732905C183009765D4 /* OnBoardingViewModel.swift */ = {isa = PBXFileReference; lastKnownFileType = sourcecode.swift; path = OnBoardingViewModel.swift; sourceTree = "<group>"; };
		09046A772905C429009765D4 /* NetworkManager.swift */ = {isa = PBXFileReference; lastKnownFileType = sourcecode.swift; path = NetworkManager.swift; sourceTree = "<group>"; };
		09046A792905C647009765D4 /* QuestionService.swift */ = {isa = PBXFileReference; lastKnownFileType = sourcecode.swift; path = QuestionService.swift; sourceTree = "<group>"; };
		09046A7B2905C700009765D4 /* APIUrls.swift */ = {isa = PBXFileReference; lastKnownFileType = sourcecode.swift; path = APIUrls.swift; sourceTree = "<group>"; };
		09D38732290720520028D08C /* QuestionScreenViewController.swift */ = {isa = PBXFileReference; lastKnownFileType = sourcecode.swift; path = QuestionScreenViewController.swift; sourceTree = "<group>"; };
		09D38734290721610028D08C /* QuestionViewModel.swift */ = {isa = PBXFileReference; lastKnownFileType = sourcecode.swift; path = QuestionViewModel.swift; sourceTree = "<group>"; };
		09DA465429044EC1008EA2D0 /* UIView+Ext.swift */ = {isa = PBXFileReference; lastKnownFileType = sourcecode.swift; path = "UIView+Ext.swift"; sourceTree = "<group>"; };
		09DA465629044F7F008EA2D0 /* OnBoardingSlide.swift */ = {isa = PBXFileReference; lastKnownFileType = sourcecode.swift; path = OnBoardingSlide.swift; sourceTree = "<group>"; };
		09DA4658290451F4008EA2D0 /* OnBoardingCell.swift */ = {isa = PBXFileReference; lastKnownFileType = sourcecode.swift; path = OnBoardingCell.swift; sourceTree = "<group>"; };
		09EE595E290326AC00790090 /* WhoWantsToBeAMillionaire.app */ = {isa = PBXFileReference; explicitFileType = wrapper.application; includeInIndex = 0; path = WhoWantsToBeAMillionaire.app; sourceTree = BUILT_PRODUCTS_DIR; };
		09EE5961290326AC00790090 /* AppDelegate.swift */ = {isa = PBXFileReference; lastKnownFileType = sourcecode.swift; path = AppDelegate.swift; sourceTree = "<group>"; };
		09EE5963290326AC00790090 /* SceneDelegate.swift */ = {isa = PBXFileReference; lastKnownFileType = sourcecode.swift; path = SceneDelegate.swift; sourceTree = "<group>"; };
		09EE5965290326AC00790090 /* OnBoardingViewController.swift */ = {isa = PBXFileReference; lastKnownFileType = sourcecode.swift; path = OnBoardingViewController.swift; sourceTree = "<group>"; };
		09EE5968290326AC00790090 /* Base */ = {isa = PBXFileReference; lastKnownFileType = file.storyboard; name = Base; path = Base.lproj/Main.storyboard; sourceTree = "<group>"; };
		09EE596A290326AD00790090 /* Assets.xcassets */ = {isa = PBXFileReference; lastKnownFileType = folder.assetcatalog; path = Assets.xcassets; sourceTree = "<group>"; };
		09EE596D290326AD00790090 /* Base */ = {isa = PBXFileReference; lastKnownFileType = file.storyboard; name = Base; path = Base.lproj/LaunchScreen.storyboard; sourceTree = "<group>"; };
		09EE596F290326AD00790090 /* Info.plist */ = {isa = PBXFileReference; lastKnownFileType = text.plist.xml; path = Info.plist; sourceTree = "<group>"; };
		09F44AE22909C4580017EEE9 /* TableView+Ext.swift */ = {isa = PBXFileReference; lastKnownFileType = sourcecode.swift; path = "TableView+Ext.swift"; sourceTree = "<group>"; };
/* End PBXFileReference section */

/* Begin PBXFrameworksBuildPhase section */
		09EE595B290326AC00790090 /* Frameworks */ = {
			isa = PBXFrameworksBuildPhase;
			buildActionMask = 2147483647;
			files = (
			);
			runOnlyForDeploymentPostprocessing = 0;
		};
/* End PBXFrameworksBuildPhase section */

/* Begin PBXGroup section */
		09046A752905C40A009765D4 /* Utilities */ = {
			isa = PBXGroup;
			children = (
				09046A772905C429009765D4 /* NetworkManager.swift */,
				09046A7B2905C700009765D4 /* APIUrls.swift */,
			);
			path = Utilities;
			sourceTree = "<group>";
		};
		09046A762905C411009765D4 /* Service */ = {
			isa = PBXGroup;
			children = (
				09046A792905C647009765D4 /* QuestionService.swift */,
			);
			path = Service;
			sourceTree = "<group>";
		};
		09D38731290720350028D08C /* QuestionScreen */ = {
			isa = PBXGroup;
			children = (
				09D38732290720520028D08C /* QuestionScreenViewController.swift */,
				09D38734290721610028D08C /* QuestionViewModel.swift */,
			);
			path = QuestionScreen;
			sourceTree = "<group>";
		};
		09DA464F29044C31008EA2D0 /* Views */ = {
			isa = PBXGroup;
			children = (
				09D38731290720350028D08C /* QuestionScreen */,
				09DA465229044C57008EA2D0 /* onBoarding */,
			);
			path = Views;
			sourceTree = "<group>";
		};
		09DA465029044C42008EA2D0 /* CustomViews */ = {
			isa = PBXGroup;
			children = (
				09DA4658290451F4008EA2D0 /* OnBoardingCell.swift */,
			);
			path = CustomViews;
			sourceTree = "<group>";
		};
		09DA465129044C4B008EA2D0 /* Models */ = {
			isa = PBXGroup;
			children = (
				09DA465629044F7F008EA2D0 /* OnBoardingSlide.swift */,
				09046A712905C0E9009765D4 /* Questions.swift */,
			);
			path = Models;
			sourceTree = "<group>";
		};
		09DA465229044C57008EA2D0 /* onBoarding */ = {
			isa = PBXGroup;
			children = (
				09EE5965290326AC00790090 /* OnBoardingViewController.swift */,
				09046A732905C183009765D4 /* OnBoardingViewModel.swift */,
			);
			path = onBoarding;
			sourceTree = "<group>";
		};
		09DA465329044EAF008EA2D0 /* Extensions */ = {
			isa = PBXGroup;
			children = (
				09DA465429044EC1008EA2D0 /* UIView+Ext.swift */,
				09F44AE22909C4580017EEE9 /* TableView+Ext.swift */,
			);
			path = Extensions;
			sourceTree = "<group>";
		};
		09EE5955290326AC00790090 = {
			isa = PBXGroup;
			children = (
				09EE5960290326AC00790090 /* WhoWantsToBeAMillionaire */,
				09EE595F290326AC00790090 /* Products */,
			);
			sourceTree = "<group>";
		};
		09EE595F290326AC00790090 /* Products */ = {
			isa = PBXGroup;
			children = (
				09EE595E290326AC00790090 /* WhoWantsToBeAMillionaire.app */,
			);
			name = Products;
			sourceTree = "<group>";
		};
		09EE5960290326AC00790090 /* WhoWantsToBeAMillionaire */ = {
			isa = PBXGroup;
			children = (
				09046A762905C411009765D4 /* Service */,
				09046A752905C40A009765D4 /* Utilities */,
				09DA465329044EAF008EA2D0 /* Extensions */,
				09DA465129044C4B008EA2D0 /* Models */,
				09DA465029044C42008EA2D0 /* CustomViews */,
				09DA464F29044C31008EA2D0 /* Views */,
				09EE5963290326AC00790090 /* SceneDelegate.swift */,
				09EE5961290326AC00790090 /* AppDelegate.swift */,
				09EE5967290326AC00790090 /* Main.storyboard */,
				09EE596A290326AD00790090 /* Assets.xcassets */,
				09EE596C290326AD00790090 /* LaunchScreen.storyboard */,
				09EE596F290326AD00790090 /* Info.plist */,
			);
			path = WhoWantsToBeAMillionaire;
			sourceTree = "<group>";
		};
/* End PBXGroup section */

/* Begin PBXNativeTarget section */
		09EE595D290326AC00790090 /* WhoWantsToBeAMillionaire */ = {
			isa = PBXNativeTarget;
			buildConfigurationList = 09EE5972290326AD00790090 /* Build configuration list for PBXNativeTarget "WhoWantsToBeAMillionaire" */;
			buildPhases = (
				09EE595A290326AC00790090 /* Sources */,
				09EE595B290326AC00790090 /* Frameworks */,
				09EE595C290326AC00790090 /* Resources */,
			);
			buildRules = (
			);
			dependencies = (
			);
			name = WhoWantsToBeAMillionaire;
			productName = WhoWantsToBeAMillionaire;
			productReference = 09EE595E290326AC00790090 /* WhoWantsToBeAMillionaire.app */;
			productType = "com.apple.product-type.application";
		};
/* End PBXNativeTarget section */

/* Begin PBXProject section */
		09EE5956290326AC00790090 /* Project object */ = {
			isa = PBXProject;
			attributes = {
				BuildIndependentTargetsInParallel = 1;
				LastSwiftUpdateCheck = 1340;
				LastUpgradeCheck = 1340;
				TargetAttributes = {
					09EE595D290326AC00790090 = {
						CreatedOnToolsVersion = 13.4.1;
					};
				};
			};
			buildConfigurationList = 09EE5959290326AC00790090 /* Build configuration list for PBXProject "WhoWantsToBeAMillionaire" */;
			compatibilityVersion = "Xcode 13.0";
			developmentRegion = en;
			hasScannedForEncodings = 0;
			knownRegions = (
				en,
				Base,
			);
			mainGroup = 09EE5955290326AC00790090;
			productRefGroup = 09EE595F290326AC00790090 /* Products */;
			projectDirPath = "";
			projectRoot = "";
			targets = (
				09EE595D290326AC00790090 /* WhoWantsToBeAMillionaire */,
			);
		};
/* End PBXProject section */

/* Begin PBXResourcesBuildPhase section */
		09EE595C290326AC00790090 /* Resources */ = {
			isa = PBXResourcesBuildPhase;
			buildActionMask = 2147483647;
			files = (
				09EE596E290326AD00790090 /* LaunchScreen.storyboard in Resources */,
				09EE596B290326AD00790090 /* Assets.xcassets in Resources */,
				09EE5969290326AC00790090 /* Main.storyboard in Resources */,
			);
			runOnlyForDeploymentPostprocessing = 0;
		};
/* End PBXResourcesBuildPhase section */

/* Begin PBXSourcesBuildPhase section */
		09EE595A290326AC00790090 /* Sources */ = {
			isa = PBXSourcesBuildPhase;
			buildActionMask = 2147483647;
			files = (
				09D38733290720520028D08C /* QuestionScreenViewController.swift in Sources */,
				09046A782905C429009765D4 /* NetworkManager.swift in Sources */,
				09DA465529044EC1008EA2D0 /* UIView+Ext.swift in Sources */,
				09EE5966290326AC00790090 /* OnBoardingViewController.swift in Sources */,
				09DA465729044F7F008EA2D0 /* OnBoardingSlide.swift in Sources */,
				09F44AE32909C4580017EEE9 /* TableView+Ext.swift in Sources */,
				09046A742905C183009765D4 /* OnBoardingViewModel.swift in Sources */,
				09046A7C2905C700009765D4 /* APIUrls.swift in Sources */,
				09046A722905C0E9009765D4 /* Questions.swift in Sources */,
				09EE5962290326AC00790090 /* AppDelegate.swift in Sources */,
				09046A7A2905C647009765D4 /* QuestionService.swift in Sources */,
				09D38735290721610028D08C /* QuestionViewModel.swift in Sources */,
				09DA4659290451F4008EA2D0 /* OnBoardingCell.swift in Sources */,
				09EE5964290326AC00790090 /* SceneDelegate.swift in Sources */,
			);
			runOnlyForDeploymentPostprocessing = 0;
		};
/* End PBXSourcesBuildPhase section */

/* Begin PBXVariantGroup section */
		09EE5967290326AC00790090 /* Main.storyboard */ = {
			isa = PBXVariantGroup;
			children = (
				09EE5968290326AC00790090 /* Base */,
			);
			name = Main.storyboard;
			sourceTree = "<group>";
		};
		09EE596C290326AD00790090 /* LaunchScreen.storyboard */ = {
			isa = PBXVariantGroup;
			children = (
				09EE596D290326AD00790090 /* Base */,
			);
			name = LaunchScreen.storyboard;
			sourceTree = "<group>";
		};
/* End PBXVariantGroup section */

/* Begin XCBuildConfiguration section */
		09EE5970290326AD00790090 /* Debug */ = {
			isa = XCBuildConfiguration;
			buildSettings = {
				ALWAYS_SEARCH_USER_PATHS = NO;
				CLANG_ANALYZER_NONNULL = YES;
				CLANG_ANALYZER_NUMBER_OBJECT_CONVERSION = YES_AGGRESSIVE;
				CLANG_CXX_LANGUAGE_STANDARD = "gnu++17";
				CLANG_ENABLE_MODULES = YES;
				CLANG_ENABLE_OBJC_ARC = YES;
				CLANG_ENABLE_OBJC_WEAK = YES;
				CLANG_WARN_BLOCK_CAPTURE_AUTORELEASING = YES;
				CLANG_WARN_BOOL_CONVERSION = YES;
				CLANG_WARN_COMMA = YES;
				CLANG_WARN_CONSTANT_CONVERSION = YES;
				CLANG_WARN_DEPRECATED_OBJC_IMPLEMENTATIONS = YES;
				CLANG_WARN_DIRECT_OBJC_ISA_USAGE = YES_ERROR;
				CLANG_WARN_DOCUMENTATION_COMMENTS = YES;
				CLANG_WARN_EMPTY_BODY = YES;
				CLANG_WARN_ENUM_CONVERSION = YES;
				CLANG_WARN_INFINITE_RECURSION = YES;
				CLANG_WARN_INT_CONVERSION = YES;
				CLANG_WARN_NON_LITERAL_NULL_CONVERSION = YES;
				CLANG_WARN_OBJC_IMPLICIT_RETAIN_SELF = YES;
				CLANG_WARN_OBJC_LITERAL_CONVERSION = YES;
				CLANG_WARN_OBJC_ROOT_CLASS = YES_ERROR;
				CLANG_WARN_QUOTED_INCLUDE_IN_FRAMEWORK_HEADER = YES;
				CLANG_WARN_RANGE_LOOP_ANALYSIS = YES;
				CLANG_WARN_STRICT_PROTOTYPES = YES;
				CLANG_WARN_SUSPICIOUS_MOVE = YES;
				CLANG_WARN_UNGUARDED_AVAILABILITY = YES_AGGRESSIVE;
				CLANG_WARN_UNREACHABLE_CODE = YES;
				CLANG_WARN__DUPLICATE_METHOD_MATCH = YES;
				COPY_PHASE_STRIP = NO;
				DEBUG_INFORMATION_FORMAT = dwarf;
				ENABLE_STRICT_OBJC_MSGSEND = YES;
				ENABLE_TESTABILITY = YES;
				GCC_C_LANGUAGE_STANDARD = gnu11;
				GCC_DYNAMIC_NO_PIC = NO;
				GCC_NO_COMMON_BLOCKS = YES;
				GCC_OPTIMIZATION_LEVEL = 0;
				GCC_PREPROCESSOR_DEFINITIONS = (
					"DEBUG=1",
					"$(inherited)",
				);
				GCC_WARN_64_TO_32_BIT_CONVERSION = YES;
				GCC_WARN_ABOUT_RETURN_TYPE = YES_ERROR;
				GCC_WARN_UNDECLARED_SELECTOR = YES;
				GCC_WARN_UNINITIALIZED_AUTOS = YES_AGGRESSIVE;
				GCC_WARN_UNUSED_FUNCTION = YES;
				GCC_WARN_UNUSED_VARIABLE = YES;
				IPHONEOS_DEPLOYMENT_TARGET = 15.5;
				MTL_ENABLE_DEBUG_INFO = INCLUDE_SOURCE;
				MTL_FAST_MATH = YES;
				ONLY_ACTIVE_ARCH = YES;
				SDKROOT = iphoneos;
				SWIFT_ACTIVE_COMPILATION_CONDITIONS = DEBUG;
				SWIFT_OPTIMIZATION_LEVEL = "-Onone";
			};
			name = Debug;
		};
		09EE5971290326AD00790090 /* Release */ = {
			isa = XCBuildConfiguration;
			buildSettings = {
				ALWAYS_SEARCH_USER_PATHS = NO;
				CLANG_ANALYZER_NONNULL = YES;
				CLANG_ANALYZER_NUMBER_OBJECT_CONVERSION = YES_AGGRESSIVE;
				CLANG_CXX_LANGUAGE_STANDARD = "gnu++17";
				CLANG_ENABLE_MODULES = YES;
				CLANG_ENABLE_OBJC_ARC = YES;
				CLANG_ENABLE_OBJC_WEAK = YES;
				CLANG_WARN_BLOCK_CAPTURE_AUTORELEASING = YES;
				CLANG_WARN_BOOL_CONVERSION = YES;
				CLANG_WARN_COMMA = YES;
				CLANG_WARN_CONSTANT_CONVERSION = YES;
				CLANG_WARN_DEPRECATED_OBJC_IMPLEMENTATIONS = YES;
				CLANG_WARN_DIRECT_OBJC_ISA_USAGE = YES_ERROR;
				CLANG_WARN_DOCUMENTATION_COMMENTS = YES;
				CLANG_WARN_EMPTY_BODY = YES;
				CLANG_WARN_ENUM_CONVERSION = YES;
				CLANG_WARN_INFINITE_RECURSION = YES;
				CLANG_WARN_INT_CONVERSION = YES;
				CLANG_WARN_NON_LITERAL_NULL_CONVERSION = YES;
				CLANG_WARN_OBJC_IMPLICIT_RETAIN_SELF = YES;
				CLANG_WARN_OBJC_LITERAL_CONVERSION = YES;
				CLANG_WARN_OBJC_ROOT_CLASS = YES_ERROR;
				CLANG_WARN_QUOTED_INCLUDE_IN_FRAMEWORK_HEADER = YES;
				CLANG_WARN_RANGE_LOOP_ANALYSIS = YES;
				CLANG_WARN_STRICT_PROTOTYPES = YES;
				CLANG_WARN_SUSPICIOUS_MOVE = YES;
				CLANG_WARN_UNGUARDED_AVAILABILITY = YES_AGGRESSIVE;
				CLANG_WARN_UNREACHABLE_CODE = YES;
				CLANG_WARN__DUPLICATE_METHOD_MATCH = YES;
				COPY_PHASE_STRIP = NO;
				DEBUG_INFORMATION_FORMAT = "dwarf-with-dsym";
				ENABLE_NS_ASSERTIONS = NO;
				ENABLE_STRICT_OBJC_MSGSEND = YES;
				GCC_C_LANGUAGE_STANDARD = gnu11;
				GCC_NO_COMMON_BLOCKS = YES;
				GCC_WARN_64_TO_32_BIT_CONVERSION = YES;
				GCC_WARN_ABOUT_RETURN_TYPE = YES_ERROR;
				GCC_WARN_UNDECLARED_SELECTOR = YES;
				GCC_WARN_UNINITIALIZED_AUTOS = YES_AGGRESSIVE;
				GCC_WARN_UNUSED_FUNCTION = YES;
				GCC_WARN_UNUSED_VARIABLE = YES;
				IPHONEOS_DEPLOYMENT_TARGET = 15.5;
				MTL_ENABLE_DEBUG_INFO = NO;
				MTL_FAST_MATH = YES;
				SDKROOT = iphoneos;
				SWIFT_COMPILATION_MODE = wholemodule;
				SWIFT_OPTIMIZATION_LEVEL = "-O";
				VALIDATE_PRODUCT = YES;
			};
			name = Release;
		};
		09EE5973290326AD00790090 /* Debug */ = {
			isa = XCBuildConfiguration;
			buildSettings = {
				ASSETCATALOG_COMPILER_APPICON_NAME = AppIcon;
				ASSETCATALOG_COMPILER_GLOBAL_ACCENT_COLOR_NAME = AccentColor;
				CODE_SIGN_STYLE = Automatic;
				CURRENT_PROJECT_VERSION = 1;
				DEVELOPMENT_TEAM = 4AA3UHVMV6;
				GENERATE_INFOPLIST_FILE = YES;
				INFOPLIST_FILE = WhoWantsToBeAMillionaire/Info.plist;
				INFOPLIST_KEY_UIApplicationSupportsIndirectInputEvents = YES;
				INFOPLIST_KEY_UILaunchStoryboardName = LaunchScreen;
				INFOPLIST_KEY_UIMainStoryboardFile = Main;
				INFOPLIST_KEY_UISupportedInterfaceOrientations_iPad = "UIInterfaceOrientationPortrait UIInterfaceOrientationPortraitUpsideDown UIInterfaceOrientationLandscapeLeft UIInterfaceOrientationLandscapeRight";
				INFOPLIST_KEY_UISupportedInterfaceOrientations_iPhone = "UIInterfaceOrientationPortrait UIInterfaceOrientationLandscapeLeft UIInterfaceOrientationLandscapeRight";
				LD_RUNPATH_SEARCH_PATHS = (
					"$(inherited)",
					"@executable_path/Frameworks",
				);
				MARKETING_VERSION = 1.0;
				PRODUCT_BUNDLE_IDENTIFIER = com.bedirhanaltun.WhoWantsToBeAMillionaire;
				PRODUCT_NAME = "$(TARGET_NAME)";
				SWIFT_EMIT_LOC_STRINGS = YES;
				SWIFT_VERSION = 5.0;
				TARGETED_DEVICE_FAMILY = "1,2";
			};
			name = Debug;
		};
		09EE5974290326AD00790090 /* Release */ = {
			isa = XCBuildConfiguration;
			buildSettings = {
				ASSETCATALOG_COMPILER_APPICON_NAME = AppIcon;
				ASSETCATALOG_COMPILER_GLOBAL_ACCENT_COLOR_NAME = AccentColor;
				CODE_SIGN_STYLE = Automatic;
				CURRENT_PROJECT_VERSION = 1;
				DEVELOPMENT_TEAM = 4AA3UHVMV6;
				GENERATE_INFOPLIST_FILE = YES;
				INFOPLIST_FILE = WhoWantsToBeAMillionaire/Info.plist;
				INFOPLIST_KEY_UIApplicationSupportsIndirectInputEvents = YES;
				INFOPLIST_KEY_UILaunchStoryboardName = LaunchScreen;
				INFOPLIST_KEY_UIMainStoryboardFile = Main;
				INFOPLIST_KEY_UISupportedInterfaceOrientations_iPad = "UIInterfaceOrientationPortrait UIInterfaceOrientationPortraitUpsideDown UIInterfaceOrientationLandscapeLeft UIInterfaceOrientationLandscapeRight";
				INFOPLIST_KEY_UISupportedInterfaceOrientations_iPhone = "UIInterfaceOrientationPortrait UIInterfaceOrientationLandscapeLeft UIInterfaceOrientationLandscapeRight";
				LD_RUNPATH_SEARCH_PATHS = (
					"$(inherited)",
					"@executable_path/Frameworks",
				);
				MARKETING_VERSION = 1.0;
				PRODUCT_BUNDLE_IDENTIFIER = com.bedirhanaltun.WhoWantsToBeAMillionaire;
				PRODUCT_NAME = "$(TARGET_NAME)";
				SWIFT_EMIT_LOC_STRINGS = YES;
				SWIFT_VERSION = 5.0;
				TARGETED_DEVICE_FAMILY = "1,2";
			};
			name = Release;
		};
/* End XCBuildConfiguration section */

/* Begin XCConfigurationList section */
		09EE5959290326AC00790090 /* Build configuration list for PBXProject "WhoWantsToBeAMillionaire" */ = {
			isa = XCConfigurationList;
			buildConfigurations = (
				09EE5970290326AD00790090 /* Debug */,
				09EE5971290326AD00790090 /* Release */,
			);
			defaultConfigurationIsVisible = 0;
			defaultConfigurationName = Release;
		};
		09EE5972290326AD00790090 /* Build configuration list for PBXNativeTarget "WhoWantsToBeAMillionaire" */ = {
			isa = XCConfigurationList;
			buildConfigurations = (
				09EE5973290326AD00790090 /* Debug */,
				09EE5974290326AD00790090 /* Release */,
			);
			defaultConfigurationIsVisible = 0;
			defaultConfigurationName = Release;
		};
/* End XCConfigurationList section */
	};
	rootObject = 09EE5956290326AC00790090 /* Project object */;
}
